// !$*UTF8*$!
{
	archiveVersion = 1;
	classes = {
	};
	objectVersion = 55;
	objects = {

/* Begin PBXBuildFile section */
		AD3D7D3527D26BC7002E3388 /* SideMenuOptionRowView.swift in Sources */ = {isa = PBXBuildFile; fileRef = AD3D7D3427D26BC7002E3388 /* SideMenuOptionRowView.swift */; };
		AD3D7D3A27D2A882002E3388 /* NewTweetView.swift in Sources */ = {isa = PBXBuildFile; fileRef = AD3D7D3927D2A882002E3388 /* NewTweetView.swift */; };
		AD3D7D3C27D2AA1A002E3388 /* TextArea.swift in Sources */ = {isa = PBXBuildFile; fileRef = AD3D7D3B27D2AA1A002E3388 /* TextArea.swift */; };
		AD3D7D4227D2F8A9002E3388 /* LoginView.swift in Sources */ = {isa = PBXBuildFile; fileRef = AD3D7D4127D2F8A9002E3388 /* LoginView.swift */; };
		AD3D7D4427D2F8B1002E3388 /* RegistrationView.swift in Sources */ = {isa = PBXBuildFile; fileRef = AD3D7D4327D2F8B1002E3388 /* RegistrationView.swift */; };
		AD3D7D4627D305C6002E3388 /* RoundedShape.swift in Sources */ = {isa = PBXBuildFile; fileRef = AD3D7D4527D305C6002E3388 /* RoundedShape.swift */; };
		AD3D7D4827D3F486002E3388 /* CustomInputField.swift in Sources */ = {isa = PBXBuildFile; fileRef = AD3D7D4727D3F486002E3388 /* CustomInputField.swift */; };
		AD3D7D4B27D5332E002E3388 /* AuthHeaderView.swift in Sources */ = {isa = PBXBuildFile; fileRef = AD3D7D4A27D5332E002E3388 /* AuthHeaderView.swift */; };
		AD9473B527D6CA2B002C2088 /* GoogleService-Info.plist in Resources */ = {isa = PBXBuildFile; fileRef = AD9473B427D6CA2B002C2088 /* GoogleService-Info.plist */; };
		ADB1854127D6D1E2001EB791 /* FirebaseAuth in Frameworks */ = {isa = PBXBuildFile; productRef = ADB1854027D6D1E2001EB791 /* FirebaseAuth */; };
		ADB1854327D6D1E2001EB791 /* FirebaseFirestore in Frameworks */ = {isa = PBXBuildFile; productRef = ADB1854227D6D1E2001EB791 /* FirebaseFirestore */; };
		ADB1854527D6D1E2001EB791 /* FirebaseFirestoreSwift-Beta in Frameworks */ = {isa = PBXBuildFile; productRef = ADB1854427D6D1E2001EB791 /* FirebaseFirestoreSwift-Beta */; };
		ADB1854727D6D1E2001EB791 /* FirebaseStorage in Frameworks */ = {isa = PBXBuildFile; productRef = ADB1854627D6D1E2001EB791 /* FirebaseStorage */; };
		ADB1854B27D6D3F9001EB791 /* AuthViewModel.swift in Sources */ = {isa = PBXBuildFile; fileRef = ADB1854A27D6D3F9001EB791 /* AuthViewModel.swift */; };
		ADB1854D27D9BBF0001EB791 /* ProfilePhotoSelectorView.swift in Sources */ = {isa = PBXBuildFile; fileRef = ADB1854C27D9BBF0001EB791 /* ProfilePhotoSelectorView.swift */; };
		ADB1855027DE93CF001EB791 /* ImagePicker.swift in Sources */ = {isa = PBXBuildFile; fileRef = ADB1854F27DE93CF001EB791 /* ImagePicker.swift */; };
		ADB47A3C27BD6E2700E51C1E /* ExploreView.swift in Sources */ = {isa = PBXBuildFile; fileRef = ADB47A3B27BD6E2700E51C1E /* ExploreView.swift */; };
		ADB47A3E27BD6E4C00E51C1E /* NotificationsView.swift in Sources */ = {isa = PBXBuildFile; fileRef = ADB47A3D27BD6E4C00E51C1E /* NotificationsView.swift */; };
		ADB47A4027BD6E6700E51C1E /* MessagesView.swift in Sources */ = {isa = PBXBuildFile; fileRef = ADB47A3F27BD6E6700E51C1E /* MessagesView.swift */; };
		ADB47A4427BD859F00E51C1E /* ProfileView.swift in Sources */ = {isa = PBXBuildFile; fileRef = ADB47A4327BD859F00E51C1E /* ProfileView.swift */; };
		ADB47A4827BD95ED00E51C1E /* TweetFilterViewModel.swift in Sources */ = {isa = PBXBuildFile; fileRef = ADB47A4727BD95ED00E51C1E /* TweetFilterViewModel.swift */; };
		ADB47A4D27BE9F1400E51C1E /* UserRowView.swift in Sources */ = {isa = PBXBuildFile; fileRef = ADB47A4C27BE9F1400E51C1E /* UserRowView.swift */; };
		ADB47A5227BEE57400E51C1E /* SideMenuView.swift in Sources */ = {isa = PBXBuildFile; fileRef = ADB47A5127BEE57400E51C1E /* SideMenuView.swift */; };
		ADB47A5427BEE57E00E51C1E /* SideMenuRowView.swift in Sources */ = {isa = PBXBuildFile; fileRef = ADB47A5327BEE57E00E51C1E /* SideMenuRowView.swift */; };
		ADB47A5627BEE58A00E51C1E /* SideMenuViewModel.swift in Sources */ = {isa = PBXBuildFile; fileRef = ADB47A5527BEE58A00E51C1E /* SideMenuViewModel.swift */; };
		ADB47A5927BEE7A300E51C1E /* UserStatsView.swift in Sources */ = {isa = PBXBuildFile; fileRef = ADB47A5827BEE7A300E51C1E /* UserStatsView.swift */; };
		ADB4B2A227BC379B001DBC4E /* TwitterSwiftUIApp.swift in Sources */ = {isa = PBXBuildFile; fileRef = ADB4B2A127BC379B001DBC4E /* TwitterSwiftUIApp.swift */; };
		ADB4B2A427BC379B001DBC4E /* ContentView.swift in Sources */ = {isa = PBXBuildFile; fileRef = ADB4B2A327BC379B001DBC4E /* ContentView.swift */; };
		ADB4B2A627BC379C001DBC4E /* Assets.xcassets in Resources */ = {isa = PBXBuildFile; fileRef = ADB4B2A527BC379C001DBC4E /* Assets.xcassets */; };
		ADB4B2A927BC379C001DBC4E /* Preview Assets.xcassets in Resources */ = {isa = PBXBuildFile; fileRef = ADB4B2A827BC379C001DBC4E /* Preview Assets.xcassets */; };
		ADB4B2B927BC387A001DBC4E /* FeedView.swift in Sources */ = {isa = PBXBuildFile; fileRef = ADB4B2B827BC387A001DBC4E /* FeedView.swift */; };
		ADB4B2BC27BC3AA9001DBC4E /* TweetRowView.swift in Sources */ = {isa = PBXBuildFile; fileRef = ADB4B2BB27BC3AA9001DBC4E /* TweetRowView.swift */; };
		ADB4B2BF27BD6CF1001DBC4E /* MainTabView.swift in Sources */ = {isa = PBXBuildFile; fileRef = ADB4B2BE27BD6CF1001DBC4E /* MainTabView.swift */; };
/* End PBXBuildFile section */

/* Begin PBXFileReference section */
		AD3D7D3427D26BC7002E3388 /* SideMenuOptionRowView.swift */ = {isa = PBXFileReference; lastKnownFileType = sourcecode.swift; path = SideMenuOptionRowView.swift; sourceTree = "<group>"; };
		AD3D7D3927D2A882002E3388 /* NewTweetView.swift */ = {isa = PBXFileReference; lastKnownFileType = sourcecode.swift; path = NewTweetView.swift; sourceTree = "<group>"; };
		AD3D7D3B27D2AA1A002E3388 /* TextArea.swift */ = {isa = PBXFileReference; lastKnownFileType = sourcecode.swift; path = TextArea.swift; sourceTree = "<group>"; };
		AD3D7D4127D2F8A9002E3388 /* LoginView.swift */ = {isa = PBXFileReference; lastKnownFileType = sourcecode.swift; path = LoginView.swift; sourceTree = "<group>"; };
		AD3D7D4327D2F8B1002E3388 /* RegistrationView.swift */ = {isa = PBXFileReference; lastKnownFileType = sourcecode.swift; path = RegistrationView.swift; sourceTree = "<group>"; };
		AD3D7D4527D305C6002E3388 /* RoundedShape.swift */ = {isa = PBXFileReference; lastKnownFileType = sourcecode.swift; name = RoundedShape.swift; path = ../../../../../../../Developer/RoundedShape.swift; sourceTree = "<group>"; };
		AD3D7D4727D3F486002E3388 /* CustomInputField.swift */ = {isa = PBXFileReference; lastKnownFileType = sourcecode.swift; path = CustomInputField.swift; sourceTree = "<group>"; };
		AD3D7D4A27D5332E002E3388 /* AuthHeaderView.swift */ = {isa = PBXFileReference; lastKnownFileType = sourcecode.swift; path = AuthHeaderView.swift; sourceTree = "<group>"; };
		AD9473B427D6CA2B002C2088 /* GoogleService-Info.plist */ = {isa = PBXFileReference; fileEncoding = 4; lastKnownFileType = text.plist.xml; path = "GoogleService-Info.plist"; sourceTree = "<group>"; };
		AD9473B727D6CD2B002C2088 /* firebase-ios-sdk-master */ = {isa = PBXFileReference; lastKnownFileType = wrapper; name = "firebase-ios-sdk-master"; path = "../../../../../../../Volumes/ExtDrive/ExtDownloads/firebase-ios-sdk-master"; sourceTree = "<group>"; };
		ADB1854A27D6D3F9001EB791 /* AuthViewModel.swift */ = {isa = PBXFileReference; lastKnownFileType = sourcecode.swift; path = AuthViewModel.swift; sourceTree = "<group>"; };
		ADB1854C27D9BBF0001EB791 /* ProfilePhotoSelectorView.swift */ = {isa = PBXFileReference; lastKnownFileType = sourcecode.swift; path = ProfilePhotoSelectorView.swift; sourceTree = "<group>"; };
		ADB1854F27DE93CF001EB791 /* ImagePicker.swift */ = {isa = PBXFileReference; lastKnownFileType = sourcecode.swift; path = ImagePicker.swift; sourceTree = "<group>"; };
		ADB47A3B27BD6E2700E51C1E /* ExploreView.swift */ = {isa = PBXFileReference; lastKnownFileType = sourcecode.swift; path = ExploreView.swift; sourceTree = "<group>"; };
		ADB47A3D27BD6E4C00E51C1E /* NotificationsView.swift */ = {isa = PBXFileReference; lastKnownFileType = sourcecode.swift; path = NotificationsView.swift; sourceTree = "<group>"; };
		ADB47A3F27BD6E6700E51C1E /* MessagesView.swift */ = {isa = PBXFileReference; lastKnownFileType = sourcecode.swift; path = MessagesView.swift; sourceTree = "<group>"; };
		ADB47A4327BD859F00E51C1E /* ProfileView.swift */ = {isa = PBXFileReference; lastKnownFileType = sourcecode.swift; path = ProfileView.swift; sourceTree = "<group>"; };
		ADB47A4727BD95ED00E51C1E /* TweetFilterViewModel.swift */ = {isa = PBXFileReference; lastKnownFileType = sourcecode.swift; path = TweetFilterViewModel.swift; sourceTree = "<group>"; };
		ADB47A4C27BE9F1400E51C1E /* UserRowView.swift */ = {isa = PBXFileReference; lastKnownFileType = sourcecode.swift; path = UserRowView.swift; sourceTree = "<group>"; };
		ADB47A5127BEE57400E51C1E /* SideMenuView.swift */ = {isa = PBXFileReference; lastKnownFileType = sourcecode.swift; path = SideMenuView.swift; sourceTree = "<group>"; };
		ADB47A5327BEE57E00E51C1E /* SideMenuRowView.swift */ = {isa = PBXFileReference; lastKnownFileType = sourcecode.swift; path = SideMenuRowView.swift; sourceTree = "<group>"; };
		ADB47A5527BEE58A00E51C1E /* SideMenuViewModel.swift */ = {isa = PBXFileReference; lastKnownFileType = sourcecode.swift; path = SideMenuViewModel.swift; sourceTree = "<group>"; };
		ADB47A5827BEE7A300E51C1E /* UserStatsView.swift */ = {isa = PBXFileReference; lastKnownFileType = sourcecode.swift; path = UserStatsView.swift; sourceTree = "<group>"; };
		ADB4B29E27BC379B001DBC4E /* TwitterSwiftUI.app */ = {isa = PBXFileReference; explicitFileType = wrapper.application; includeInIndex = 0; path = TwitterSwiftUI.app; sourceTree = BUILT_PRODUCTS_DIR; };
		ADB4B2A127BC379B001DBC4E /* TwitterSwiftUIApp.swift */ = {isa = PBXFileReference; lastKnownFileType = sourcecode.swift; path = TwitterSwiftUIApp.swift; sourceTree = "<group>"; };
		ADB4B2A327BC379B001DBC4E /* ContentView.swift */ = {isa = PBXFileReference; lastKnownFileType = sourcecode.swift; path = ContentView.swift; sourceTree = "<group>"; };
		ADB4B2A527BC379C001DBC4E /* Assets.xcassets */ = {isa = PBXFileReference; lastKnownFileType = folder.assetcatalog; path = Assets.xcassets; sourceTree = "<group>"; };
		ADB4B2A827BC379C001DBC4E /* Preview Assets.xcassets */ = {isa = PBXFileReference; lastKnownFileType = folder.assetcatalog; path = "Preview Assets.xcassets"; sourceTree = "<group>"; };
		ADB4B2B827BC387A001DBC4E /* FeedView.swift */ = {isa = PBXFileReference; lastKnownFileType = sourcecode.swift; path = FeedView.swift; sourceTree = "<group>"; };
		ADB4B2BB27BC3AA9001DBC4E /* TweetRowView.swift */ = {isa = PBXFileReference; lastKnownFileType = sourcecode.swift; path = TweetRowView.swift; sourceTree = "<group>"; };
		ADB4B2BE27BD6CF1001DBC4E /* MainTabView.swift */ = {isa = PBXFileReference; lastKnownFileType = sourcecode.swift; path = MainTabView.swift; sourceTree = "<group>"; };
/* End PBXFileReference section */

/* Begin PBXFrameworksBuildPhase section */
		ADB4B29B27BC379B001DBC4E /* Frameworks */ = {
			isa = PBXFrameworksBuildPhase;
			buildActionMask = 2147483647;
			files = (
				ADB1854527D6D1E2001EB791 /* FirebaseFirestoreSwift-Beta in Frameworks */,
				ADB1854727D6D1E2001EB791 /* FirebaseStorage in Frameworks */,
				ADB1854127D6D1E2001EB791 /* FirebaseAuth in Frameworks */,
				ADB1854327D6D1E2001EB791 /* FirebaseFirestore in Frameworks */,
			);
			runOnlyForDeploymentPostprocessing = 0;
		};
/* End PBXFrameworksBuildPhase section */

/* Begin PBXGroup section */
		AD3D7D3627D2A85C002E3388 /* UploadTweet */ = {
			isa = PBXGroup;
			children = (
				AD3D7D3827D2A86D002E3388 /* Views */,
				AD3D7D3727D2A866002E3388 /* ViewModels */,
			);
			path = UploadTweet;
			sourceTree = "<group>";
		};
		AD3D7D3727D2A866002E3388 /* ViewModels */ = {
			isa = PBXGroup;
			children = (
			);
			path = ViewModels;
			sourceTree = "<group>";
		};
		AD3D7D3827D2A86D002E3388 /* Views */ = {
			isa = PBXGroup;
			children = (
				AD3D7D3927D2A882002E3388 /* NewTweetView.swift */,
			);
			path = Views;
			sourceTree = "<group>";
		};
		AD3D7D3D27D2F879002E3388 /* Authentication */ = {
			isa = PBXGroup;
			children = (
				AD3D7D3F27D2F88A002E3388 /* Views */,
				AD3D7D3E27D2F882002E3388 /* ViewModels */,
			);
			path = Authentication;
			sourceTree = "<group>";
		};
		AD3D7D3E27D2F882002E3388 /* ViewModels */ = {
			isa = PBXGroup;
			children = (
				ADB1854A27D6D3F9001EB791 /* AuthViewModel.swift */,
			);
			path = ViewModels;
			sourceTree = "<group>";
		};
		AD3D7D3F27D2F88A002E3388 /* Views */ = {
			isa = PBXGroup;
			children = (
				AD3D7D4127D2F8A9002E3388 /* LoginView.swift */,
				AD3D7D4327D2F8B1002E3388 /* RegistrationView.swift */,
				ADB1854C27D9BBF0001EB791 /* ProfilePhotoSelectorView.swift */,
			);
			path = Views;
			sourceTree = "<group>";
		};
		AD3D7D4927D5331D002E3388 /* Authentication */ = {
			isa = PBXGroup;
			children = (
				AD3D7D4A27D5332E002E3388 /* AuthHeaderView.swift */,
			);
			path = Authentication;
			sourceTree = "<group>";
		};
		AD9473B627D6CD2B002C2088 /* Packages */ = {
			isa = PBXGroup;
			children = (
				AD9473B727D6CD2B002C2088 /* firebase-ios-sdk-master */,
			);
			name = Packages;
			sourceTree = "<group>";
		};
		ADB1854E27DE93BF001EB791 /* Utils */ = {
			isa = PBXGroup;
			children = (
				ADB1854F27DE93CF001EB791 /* ImagePicker.swift */,
			);
			path = Utils;
			sourceTree = "<group>";
		};
		ADB47A3827BD6DCB00E51C1E /* Explore */ = {
			isa = PBXGroup;
			children = (
				ADB47A4A27BDA70700E51C1E /* ViewModels */,
				ADB47A4927BDA70100E51C1E /* Views */,
			);
			path = Explore;
			sourceTree = "<group>";
		};
		ADB47A3927BD6DFA00E51C1E /* Messages */ = {
			isa = PBXGroup;
			children = (
				ADB47A3F27BD6E6700E51C1E /* MessagesView.swift */,
			);
			path = Messages;
			sourceTree = "<group>";
		};
		ADB47A3A27BD6E0600E51C1E /* Profile */ = {
			isa = PBXGroup;
			children = (
				ADB47A4227BD859500E51C1E /* Views */,
				ADB47A4127BD858E00E51C1E /* ViewModels */,
			);
			path = Profile;
			sourceTree = "<group>";
		};
		ADB47A4127BD858E00E51C1E /* ViewModels */ = {
			isa = PBXGroup;
			children = (
				ADB47A4727BD95ED00E51C1E /* TweetFilterViewModel.swift */,
			);
			path = ViewModels;
			sourceTree = "<group>";
		};
		ADB47A4227BD859500E51C1E /* Views */ = {
			isa = PBXGroup;
			children = (
				ADB47A4327BD859F00E51C1E /* ProfileView.swift */,
			);
			path = Views;
			sourceTree = "<group>";
		};
		ADB47A4927BDA70100E51C1E /* Views */ = {
			isa = PBXGroup;
			children = (
				ADB47A3B27BD6E2700E51C1E /* ExploreView.swift */,
			);
			path = Views;
			sourceTree = "<group>";
		};
		ADB47A4A27BDA70700E51C1E /* ViewModels */ = {
			isa = PBXGroup;
			children = (
			);
			path = ViewModels;
			sourceTree = "<group>";
		};
		ADB47A4B27BE9F0600E51C1E /* Users */ = {
			isa = PBXGroup;
			children = (
				ADB47A4C27BE9F1400E51C1E /* UserRowView.swift */,
			);
			path = Users;
			sourceTree = "<group>";
		};
		ADB47A4E27BEE55800E51C1E /* SideMenu */ = {
			isa = PBXGroup;
			children = (
				ADB47A5027BEE56600E51C1E /* Views */,
				ADB47A4F27BEE55D00E51C1E /* ViewModels */,
			);
			path = SideMenu;
			sourceTree = "<group>";
		};
		ADB47A4F27BEE55D00E51C1E /* ViewModels */ = {
			isa = PBXGroup;
			children = (
				ADB47A5527BEE58A00E51C1E /* SideMenuViewModel.swift */,
			);
			path = ViewModels;
			sourceTree = "<group>";
		};
		ADB47A5027BEE56600E51C1E /* Views */ = {
			isa = PBXGroup;
			children = (
				ADB47A5127BEE57400E51C1E /* SideMenuView.swift */,
				ADB47A5327BEE57E00E51C1E /* SideMenuRowView.swift */,
				AD3D7D3427D26BC7002E3388 /* SideMenuOptionRowView.swift */,
			);
			path = Views;
			sourceTree = "<group>";
		};
		ADB47A5727BEE79400E51C1E /* Users */ = {
			isa = PBXGroup;
			children = (
				ADB47A5827BEE7A300E51C1E /* UserStatsView.swift */,
			);
			path = Users;
			sourceTree = "<group>";
		};
		ADB4B29527BC379B001DBC4E = {
			isa = PBXGroup;
			children = (
				ADB1854E27DE93BF001EB791 /* Utils */,
				AD9473B627D6CD2B002C2088 /* Packages */,
				ADB4B2A027BC379B001DBC4E /* TwitterSwiftUI */,
				ADB4B29F27BC379B001DBC4E /* Products */,
			);
			sourceTree = "<group>";
		};
		ADB4B29F27BC379B001DBC4E /* Products */ = {
			isa = PBXGroup;
			children = (
				ADB4B29E27BC379B001DBC4E /* TwitterSwiftUI.app */,
			);
			name = Products;
			sourceTree = "<group>";
		};
		ADB4B2A027BC379B001DBC4E /* TwitterSwiftUI */ = {
			isa = PBXGroup;
			children = (
				ADB4B2B327BC3807001DBC4E /* Service */,
				ADB4B2B127BC37DF001DBC4E /* Extensions */,
				ADB4B2B027BC37CC001DBC4E /* Models */,
				ADB4B2AF27BC37C5001DBC4E /* Core */,
				ADB4B2A127BC379B001DBC4E /* TwitterSwiftUIApp.swift */,
				ADB4B2A327BC379B001DBC4E /* ContentView.swift */,
				ADB4B2A527BC379C001DBC4E /* Assets.xcassets */,
				AD9473B427D6CA2B002C2088 /* GoogleService-Info.plist */,
				ADB4B2A727BC379C001DBC4E /* Preview Content */,
			);
			path = TwitterSwiftUI;
			sourceTree = "<group>";
		};
		ADB4B2A727BC379C001DBC4E /* Preview Content */ = {
			isa = PBXGroup;
			children = (
				ADB4B2A827BC379C001DBC4E /* Preview Assets.xcassets */,
			);
			path = "Preview Content";
			sourceTree = "<group>";
		};
		ADB4B2AF27BC37C5001DBC4E /* Core */ = {
			isa = PBXGroup;
			children = (
				AD3D7D3D27D2F879002E3388 /* Authentication */,
				ADB4B2B427BC381B001DBC4E /* Components */,
				AD3D7D3627D2A85C002E3388 /* UploadTweet */,
				ADB47A4E27BEE55800E51C1E /* SideMenu */,
				ADB47A4B27BE9F0600E51C1E /* Users */,
				ADB47A3A27BD6E0600E51C1E /* Profile */,
				ADB47A3927BD6DFA00E51C1E /* Messages */,
				ADB47A3827BD6DCB00E51C1E /* Explore */,
				ADB4B2C027BD6DA5001DBC4E /* Notifications */,
				ADB4B2BD27BD6CDE001DBC4E /* MainTab */,
				ADB4B2B527BC3820001DBC4E /* Feed */,
			);
			path = Core;
			sourceTree = "<group>";
		};
		ADB4B2B027BC37CC001DBC4E /* Models */ = {
			isa = PBXGroup;
			children = (
			);
			path = Models;
			sourceTree = "<group>";
		};
		ADB4B2B127BC37DF001DBC4E /* Extensions */ = {
			isa = PBXGroup;
			children = (
			);
			path = Extensions;
			sourceTree = "<group>";
		};
		ADB4B2B327BC3807001DBC4E /* Service */ = {
			isa = PBXGroup;
			children = (
			);
			path = Service;
			sourceTree = "<group>";
		};
		ADB4B2B427BC381B001DBC4E /* Components */ = {
			isa = PBXGroup;
			children = (
				AD3D7D4927D5331D002E3388 /* Authentication */,
				ADB47A5727BEE79400E51C1E /* Users */,
				ADB4B2BA27BC3A86001DBC4E /* Tweets */,
				AD3D7D3B27D2AA1A002E3388 /* TextArea.swift */,
				AD3D7D4527D305C6002E3388 /* RoundedShape.swift */,
				AD3D7D4727D3F486002E3388 /* CustomInputField.swift */,
			);
			path = Components;
			sourceTree = "<group>";
		};
		ADB4B2B527BC3820001DBC4E /* Feed */ = {
			isa = PBXGroup;
			children = (
				ADB4B2B627BC3857001DBC4E /* ViewModels */,
				ADB4B2B727BC3860001DBC4E /* View */,
				ADB4B2B827BC387A001DBC4E /* FeedView.swift */,
			);
			path = Feed;
			sourceTree = "<group>";
		};
		ADB4B2B627BC3857001DBC4E /* ViewModels */ = {
			isa = PBXGroup;
			children = (
			);
			path = ViewModels;
			sourceTree = "<group>";
		};
		ADB4B2B727BC3860001DBC4E /* View */ = {
			isa = PBXGroup;
			children = (
			);
			path = View;
			sourceTree = "<group>";
		};
		ADB4B2BA27BC3A86001DBC4E /* Tweets */ = {
			isa = PBXGroup;
			children = (
				ADB4B2BB27BC3AA9001DBC4E /* TweetRowView.swift */,
			);
			path = Tweets;
			sourceTree = "<group>";
		};
		ADB4B2BD27BD6CDE001DBC4E /* MainTab */ = {
			isa = PBXGroup;
			children = (
				ADB4B2BE27BD6CF1001DBC4E /* MainTabView.swift */,
			);
			path = MainTab;
			sourceTree = "<group>";
		};
		ADB4B2C027BD6DA5001DBC4E /* Notifications */ = {
			isa = PBXGroup;
			children = (
				ADB47A3D27BD6E4C00E51C1E /* NotificationsView.swift */,
			);
			path = Notifications;
			sourceTree = "<group>";
		};
/* End PBXGroup section */

/* Begin PBXNativeTarget section */
		ADB4B29D27BC379B001DBC4E /* TwitterSwiftUI */ = {
			isa = PBXNativeTarget;
			buildConfigurationList = ADB4B2AC27BC379C001DBC4E /* Build configuration list for PBXNativeTarget "TwitterSwiftUI" */;
			buildPhases = (
				ADB4B29A27BC379B001DBC4E /* Sources */,
				ADB4B29B27BC379B001DBC4E /* Frameworks */,
				ADB4B29C27BC379B001DBC4E /* Resources */,
			);
			buildRules = (
			);
			dependencies = (
			);
			name = TwitterSwiftUI;
			packageProductDependencies = (
				ADB1854027D6D1E2001EB791 /* FirebaseAuth */,
				ADB1854227D6D1E2001EB791 /* FirebaseFirestore */,
				ADB1854427D6D1E2001EB791 /* FirebaseFirestoreSwift-Beta */,
				ADB1854627D6D1E2001EB791 /* FirebaseStorage */,
			);
			productName = TwitterSwiftUI;
			productReference = ADB4B29E27BC379B001DBC4E /* TwitterSwiftUI.app */;
			productType = "com.apple.product-type.application";
		};
/* End PBXNativeTarget section */

/* Begin PBXProject section */
		ADB4B29627BC379B001DBC4E /* Project object */ = {
			isa = PBXProject;
			attributes = {
				BuildIndependentTargetsInParallel = 1;
				LastSwiftUpdateCheck = 1320;
				LastUpgradeCheck = 1320;
				TargetAttributes = {
					ADB4B29D27BC379B001DBC4E = {
						CreatedOnToolsVersion = 13.2.1;
					};
				};
			};
			buildConfigurationList = ADB4B29927BC379B001DBC4E /* Build configuration list for PBXProject "TwitterSwiftUI" */;
			compatibilityVersion = "Xcode 13.0";
			developmentRegion = en;
			hasScannedForEncodings = 0;
			knownRegions = (
				en,
				Base,
			);
			mainGroup = ADB4B29527BC379B001DBC4E;
			packageReferences = (
				ADB1853F27D6D1E2001EB791 /* XCRemoteSwiftPackageReference "firebase-ios-sdk" */,
			);
			productRefGroup = ADB4B29F27BC379B001DBC4E /* Products */;
			projectDirPath = "";
			projectRoot = "";
			targets = (
				ADB4B29D27BC379B001DBC4E /* TwitterSwiftUI */,
			);
		};
/* End PBXProject section */

/* Begin PBXResourcesBuildPhase section */
		ADB4B29C27BC379B001DBC4E /* Resources */ = {
			isa = PBXResourcesBuildPhase;
			buildActionMask = 2147483647;
			files = (
				ADB4B2A927BC379C001DBC4E /* Preview Assets.xcassets in Resources */,
				AD9473B527D6CA2B002C2088 /* GoogleService-Info.plist in Resources */,
				ADB4B2A627BC379C001DBC4E /* Assets.xcassets in Resources */,
			);
			runOnlyForDeploymentPostprocessing = 0;
		};
/* End PBXResourcesBuildPhase section */

/* Begin PBXSourcesBuildPhase section */
		ADB4B29A27BC379B001DBC4E /* Sources */ = {
			isa = PBXSourcesBuildPhase;
			buildActionMask = 2147483647;
			files = (
				AD3D7D4827D3F486002E3388 /* CustomInputField.swift in Sources */,
				ADB47A4027BD6E6700E51C1E /* MessagesView.swift in Sources */,
				ADB47A4427BD859F00E51C1E /* ProfileView.swift in Sources */,
				ADB4B2A427BC379B001DBC4E /* ContentView.swift in Sources */,
				AD3D7D4B27D5332E002E3388 /* AuthHeaderView.swift in Sources */,
				ADB47A5427BEE57E00E51C1E /* SideMenuRowView.swift in Sources */,
				ADB4B2BC27BC3AA9001DBC4E /* TweetRowView.swift in Sources */,
				ADB47A4827BD95ED00E51C1E /* TweetFilterViewModel.swift in Sources */,
				ADB4B2B927BC387A001DBC4E /* FeedView.swift in Sources */,
				AD3D7D3C27D2AA1A002E3388 /* TextArea.swift in Sources */,
				ADB47A5227BEE57400E51C1E /* SideMenuView.swift in Sources */,
				ADB4B2A227BC379B001DBC4E /* TwitterSwiftUIApp.swift in Sources */,
				AD3D7D3A27D2A882002E3388 /* NewTweetView.swift in Sources */,
				ADB1855027DE93CF001EB791 /* ImagePicker.swift in Sources */,
				ADB47A3C27BD6E2700E51C1E /* ExploreView.swift in Sources */,
				ADB1854D27D9BBF0001EB791 /* ProfilePhotoSelectorView.swift in Sources */,
				ADB47A5627BEE58A00E51C1E /* SideMenuViewModel.swift in Sources */,
				ADB47A4D27BE9F1400E51C1E /* UserRowView.swift in Sources */,
				AD3D7D4627D305C6002E3388 /* RoundedShape.swift in Sources */,
				AD3D7D3527D26BC7002E3388 /* SideMenuOptionRowView.swift in Sources */,
				ADB4B2BF27BD6CF1001DBC4E /* MainTabView.swift in Sources */,
				AD3D7D4227D2F8A9002E3388 /* LoginView.swift in Sources */,
				ADB1854B27D6D3F9001EB791 /* AuthViewModel.swift in Sources */,
				ADB47A3E27BD6E4C00E51C1E /* NotificationsView.swift in Sources */,
				ADB47A5927BEE7A300E51C1E /* UserStatsView.swift in Sources */,
				AD3D7D4427D2F8B1002E3388 /* RegistrationView.swift in Sources */,
			);
			runOnlyForDeploymentPostprocessing = 0;
		};
/* End PBXSourcesBuildPhase section */

/* Begin XCBuildConfiguration section */
		ADB4B2AA27BC379C001DBC4E /* Debug */ = {
			isa = XCBuildConfiguration;
			buildSettings = {
				ALWAYS_SEARCH_USER_PATHS = NO;
				CLANG_ANALYZER_NONNULL = YES;
				CLANG_ANALYZER_NUMBER_OBJECT_CONVERSION = YES_AGGRESSIVE;
				CLANG_CXX_LANGUAGE_STANDARD = "gnu++17";
				CLANG_CXX_LIBRARY = "libc++";
				CLANG_ENABLE_MODULES = YES;
				CLANG_ENABLE_OBJC_ARC = YES;
				CLANG_ENABLE_OBJC_WEAK = YES;
				CLANG_WARN_BLOCK_CAPTURE_AUTORELEASING = YES;
				CLANG_WARN_BOOL_CONVERSION = YES;
				CLANG_WARN_COMMA = YES;
				CLANG_WARN_CONSTANT_CONVERSION = YES;
				CLANG_WARN_DEPRECATED_OBJC_IMPLEMENTATIONS = YES;
				CLANG_WARN_DIRECT_OBJC_ISA_USAGE = YES_ERROR;
				CLANG_WARN_DOCUMENTATION_COMMENTS = YES;
				CLANG_WARN_EMPTY_BODY = YES;
				CLANG_WARN_ENUM_CONVERSION = YES;
				CLANG_WARN_INFINITE_RECURSION = YES;
				CLANG_WARN_INT_CONVERSION = YES;
				CLANG_WARN_NON_LITERAL_NULL_CONVERSION = YES;
				CLANG_WARN_OBJC_IMPLICIT_RETAIN_SELF = YES;
				CLANG_WARN_OBJC_LITERAL_CONVERSION = YES;
				CLANG_WARN_OBJC_ROOT_CLASS = YES_ERROR;
				CLANG_WARN_QUOTED_INCLUDE_IN_FRAMEWORK_HEADER = YES;
				CLANG_WARN_RANGE_LOOP_ANALYSIS = YES;
				CLANG_WARN_STRICT_PROTOTYPES = YES;
				CLANG_WARN_SUSPICIOUS_MOVE = YES;
				CLANG_WARN_UNGUARDED_AVAILABILITY = YES_AGGRESSIVE;
				CLANG_WARN_UNREACHABLE_CODE = YES;
				CLANG_WARN__DUPLICATE_METHOD_MATCH = YES;
				COPY_PHASE_STRIP = NO;
				DEBUG_INFORMATION_FORMAT = dwarf;
				ENABLE_STRICT_OBJC_MSGSEND = YES;
				ENABLE_TESTABILITY = YES;
				GCC_C_LANGUAGE_STANDARD = gnu11;
				GCC_DYNAMIC_NO_PIC = NO;
				GCC_NO_COMMON_BLOCKS = YES;
				GCC_OPTIMIZATION_LEVEL = 0;
				GCC_PREPROCESSOR_DEFINITIONS = (
					"DEBUG=1",
					"$(inherited)",
				);
				GCC_WARN_64_TO_32_BIT_CONVERSION = YES;
				GCC_WARN_ABOUT_RETURN_TYPE = YES_ERROR;
				GCC_WARN_UNDECLARED_SELECTOR = YES;
				GCC_WARN_UNINITIALIZED_AUTOS = YES_AGGRESSIVE;
				GCC_WARN_UNUSED_FUNCTION = YES;
				GCC_WARN_UNUSED_VARIABLE = YES;
				IPHONEOS_DEPLOYMENT_TARGET = 15.2;
				MTL_ENABLE_DEBUG_INFO = INCLUDE_SOURCE;
				MTL_FAST_MATH = YES;
				ONLY_ACTIVE_ARCH = YES;
				SDKROOT = iphoneos;
				SWIFT_ACTIVE_COMPILATION_CONDITIONS = DEBUG;
				SWIFT_OPTIMIZATION_LEVEL = "-Onone";
			};
			name = Debug;
		};
		ADB4B2AB27BC379C001DBC4E /* Release */ = {
			isa = XCBuildConfiguration;
			buildSettings = {
				ALWAYS_SEARCH_USER_PATHS = NO;
				CLANG_ANALYZER_NONNULL = YES;
				CLANG_ANALYZER_NUMBER_OBJECT_CONVERSION = YES_AGGRESSIVE;
				CLANG_CXX_LANGUAGE_STANDARD = "gnu++17";
				CLANG_CXX_LIBRARY = "libc++";
				CLANG_ENABLE_MODULES = YES;
				CLANG_ENABLE_OBJC_ARC = YES;
				CLANG_ENABLE_OBJC_WEAK = YES;
				CLANG_WARN_BLOCK_CAPTURE_AUTORELEASING = YES;
				CLANG_WARN_BOOL_CONVERSION = YES;
				CLANG_WARN_COMMA = YES;
				CLANG_WARN_CONSTANT_CONVERSION = YES;
				CLANG_WARN_DEPRECATED_OBJC_IMPLEMENTATIONS = YES;
				CLANG_WARN_DIRECT_OBJC_ISA_USAGE = YES_ERROR;
				CLANG_WARN_DOCUMENTATION_COMMENTS = YES;
				CLANG_WARN_EMPTY_BODY = YES;
				CLANG_WARN_ENUM_CONVERSION = YES;
				CLANG_WARN_INFINITE_RECURSION = YES;
				CLANG_WARN_INT_CONVERSION = YES;
				CLANG_WARN_NON_LITERAL_NULL_CONVERSION = YES;
				CLANG_WARN_OBJC_IMPLICIT_RETAIN_SELF = YES;
				CLANG_WARN_OBJC_LITERAL_CONVERSION = YES;
				CLANG_WARN_OBJC_ROOT_CLASS = YES_ERROR;
				CLANG_WARN_QUOTED_INCLUDE_IN_FRAMEWORK_HEADER = YES;
				CLANG_WARN_RANGE_LOOP_ANALYSIS = YES;
				CLANG_WARN_STRICT_PROTOTYPES = YES;
				CLANG_WARN_SUSPICIOUS_MOVE = YES;
				CLANG_WARN_UNGUARDED_AVAILABILITY = YES_AGGRESSIVE;
				CLANG_WARN_UNREACHABLE_CODE = YES;
				CLANG_WARN__DUPLICATE_METHOD_MATCH = YES;
				COPY_PHASE_STRIP = NO;
				DEBUG_INFORMATION_FORMAT = "dwarf-with-dsym";
				ENABLE_NS_ASSERTIONS = NO;
				ENABLE_STRICT_OBJC_MSGSEND = YES;
				GCC_C_LANGUAGE_STANDARD = gnu11;
				GCC_NO_COMMON_BLOCKS = YES;
				GCC_WARN_64_TO_32_BIT_CONVERSION = YES;
				GCC_WARN_ABOUT_RETURN_TYPE = YES_ERROR;
				GCC_WARN_UNDECLARED_SELECTOR = YES;
				GCC_WARN_UNINITIALIZED_AUTOS = YES_AGGRESSIVE;
				GCC_WARN_UNUSED_FUNCTION = YES;
				GCC_WARN_UNUSED_VARIABLE = YES;
				IPHONEOS_DEPLOYMENT_TARGET = 15.2;
				MTL_ENABLE_DEBUG_INFO = NO;
				MTL_FAST_MATH = YES;
				SDKROOT = iphoneos;
				SWIFT_COMPILATION_MODE = wholemodule;
				SWIFT_OPTIMIZATION_LEVEL = "-O";
				VALIDATE_PRODUCT = YES;
			};
			name = Release;
		};
		ADB4B2AD27BC379C001DBC4E /* Debug */ = {
			isa = XCBuildConfiguration;
			buildSettings = {
				ASSETCATALOG_COMPILER_APPICON_NAME = AppIcon;
				ASSETCATALOG_COMPILER_GLOBAL_ACCENT_COLOR_NAME = AccentColor;
				CODE_SIGN_STYLE = Automatic;
				CURRENT_PROJECT_VERSION = 1;
				DEVELOPMENT_ASSET_PATHS = "\"TwitterSwiftUI/Preview Content\"";
				DEVELOPMENT_TEAM = CF655ESNGC;
				ENABLE_PREVIEWS = YES;
				GENERATE_INFOPLIST_FILE = YES;
				INFOPLIST_KEY_UIApplicationSceneManifest_Generation = YES;
				INFOPLIST_KEY_UIApplicationSupportsIndirectInputEvents = YES;
				INFOPLIST_KEY_UILaunchScreen_Generation = YES;
				INFOPLIST_KEY_UISupportedInterfaceOrientations_iPad = "UIInterfaceOrientationPortrait UIInterfaceOrientationPortraitUpsideDown UIInterfaceOrientationLandscapeLeft UIInterfaceOrientationLandscapeRight";
				INFOPLIST_KEY_UISupportedInterfaceOrientations_iPhone = "UIInterfaceOrientationPortrait UIInterfaceOrientationLandscapeLeft UIInterfaceOrientationLandscapeRight";
				LD_RUNPATH_SEARCH_PATHS = (
					"$(inherited)",
					"@executable_path/Frameworks",
				);
				MARKETING_VERSION = 1.0;
				PRODUCT_BUNDLE_IDENTIFIER = com.baralabs.TwitterSwiftUI;
				PRODUCT_NAME = "$(TARGET_NAME)";
				SWIFT_EMIT_LOC_STRINGS = YES;
				SWIFT_VERSION = 5.0;
				TARGETED_DEVICE_FAMILY = "1,2";
			};
			name = Debug;
		};
		ADB4B2AE27BC379C001DBC4E /* Release */ = {
			isa = XCBuildConfiguration;
			buildSettings = {
				ASSETCATALOG_COMPILER_APPICON_NAME = AppIcon;
				ASSETCATALOG_COMPILER_GLOBAL_ACCENT_COLOR_NAME = AccentColor;
				CODE_SIGN_STYLE = Automatic;
				CURRENT_PROJECT_VERSION = 1;
				DEVELOPMENT_ASSET_PATHS = "\"TwitterSwiftUI/Preview Content\"";
				DEVELOPMENT_TEAM = CF655ESNGC;
				ENABLE_PREVIEWS = YES;
				GENERATE_INFOPLIST_FILE = YES;
				INFOPLIST_KEY_UIApplicationSceneManifest_Generation = YES;
				INFOPLIST_KEY_UIApplicationSupportsIndirectInputEvents = YES;
				INFOPLIST_KEY_UILaunchScreen_Generation = YES;
				INFOPLIST_KEY_UISupportedInterfaceOrientations_iPad = "UIInterfaceOrientationPortrait UIInterfaceOrientationPortraitUpsideDown UIInterfaceOrientationLandscapeLeft UIInterfaceOrientationLandscapeRight";
				INFOPLIST_KEY_UISupportedInterfaceOrientations_iPhone = "UIInterfaceOrientationPortrait UIInterfaceOrientationLandscapeLeft UIInterfaceOrientationLandscapeRight";
				LD_RUNPATH_SEARCH_PATHS = (
					"$(inherited)",
					"@executable_path/Frameworks",
				);
				MARKETING_VERSION = 1.0;
				PRODUCT_BUNDLE_IDENTIFIER = com.baralabs.TwitterSwiftUI;
				PRODUCT_NAME = "$(TARGET_NAME)";
				SWIFT_EMIT_LOC_STRINGS = YES;
				SWIFT_VERSION = 5.0;
				TARGETED_DEVICE_FAMILY = "1,2";
			};
			name = Release;
		};
/* End XCBuildConfiguration section */

/* Begin XCConfigurationList section */
		ADB4B29927BC379B001DBC4E /* Build configuration list for PBXProject "TwitterSwiftUI" */ = {
			isa = XCConfigurationList;
			buildConfigurations = (
				ADB4B2AA27BC379C001DBC4E /* Debug */,
				ADB4B2AB27BC379C001DBC4E /* Release */,
			);
			defaultConfigurationIsVisible = 0;
			defaultConfigurationName = Release;
		};
		ADB4B2AC27BC379C001DBC4E /* Build configuration list for PBXNativeTarget "TwitterSwiftUI" */ = {
			isa = XCConfigurationList;
			buildConfigurations = (
				ADB4B2AD27BC379C001DBC4E /* Debug */,
				ADB4B2AE27BC379C001DBC4E /* Release */,
			);
			defaultConfigurationIsVisible = 0;
			defaultConfigurationName = Release;
		};
/* End XCConfigurationList section */

/* Begin XCRemoteSwiftPackageReference section */
		ADB1853F27D6D1E2001EB791 /* XCRemoteSwiftPackageReference "firebase-ios-sdk" */ = {
			isa = XCRemoteSwiftPackageReference;
			repositoryURL = "https://github.com/firebase/firebase-ios-sdk";
			requirement = {
				branch = master;
				kind = branch;
			};
		};
/* End XCRemoteSwiftPackageReference section */

/* Begin XCSwiftPackageProductDependency section */
		ADB1854027D6D1E2001EB791 /* FirebaseAuth */ = {
			isa = XCSwiftPackageProductDependency;
			package = ADB1853F27D6D1E2001EB791 /* XCRemoteSwiftPackageReference "firebase-ios-sdk" */;
			productName = FirebaseAuth;
		};
		ADB1854227D6D1E2001EB791 /* FirebaseFirestore */ = {
			isa = XCSwiftPackageProductDependency;
			package = ADB1853F27D6D1E2001EB791 /* XCRemoteSwiftPackageReference "firebase-ios-sdk" */;
			productName = FirebaseFirestore;
		};
		ADB1854427D6D1E2001EB791 /* FirebaseFirestoreSwift-Beta */ = {
			isa = XCSwiftPackageProductDependency;
			package = ADB1853F27D6D1E2001EB791 /* XCRemoteSwiftPackageReference "firebase-ios-sdk" */;
			productName = "FirebaseFirestoreSwift-Beta";
		};
		ADB1854627D6D1E2001EB791 /* FirebaseStorage */ = {
			isa = XCSwiftPackageProductDependency;
			package = ADB1853F27D6D1E2001EB791 /* XCRemoteSwiftPackageReference "firebase-ios-sdk" */;
			productName = FirebaseStorage;
		};
/* End XCSwiftPackageProductDependency section */
	};
	rootObject = ADB4B29627BC379B001DBC4E /* Project object */;
}
